
Microsoft Visual Studio Solution File, Format Version 12.00
# Visual Studio 15
VisualStudioVersion = 15.0.28307.168
MinimumVisualStudioVersion = 10.0.40219.1
Project("{FAE04EC0-301F-11D3-BF4B-00C04F79EFBC}") = "ConverterBinario", "ConverterBinario\ConverterBinario.csproj", "{687B1E76-2DD1-42AE-B786-15EAE850D6C7}"
EndProject
Global
	GlobalSection(SolutionConfigurationPlatforms) = preSolution
		Debug|Any CPU = Debug|Any CPU
		Release|Any CPU = Release|Any CPU
	EndGlobalSection
	GlobalSection(ProjectConfigurationPlatforms) = postSolution
		{687B1E76-2DD1-42AE-B786-15EAE850D6C7}.Debug|Any CPU.ActiveCfg = Debug|Any CPU
		{687B1E76-2DD1-42AE-B786-15EAE850D6C7}.Debug|Any CPU.Build.0 = Debug|Any CPU
		{687B1E76-2DD1-42AE-B786-15EAE850D6C7}.Release|Any CPU.ActiveCfg = Release|Any CPU
		{687B1E76-2DD1-42AE-B786-15EAE850D6C7}.Release|Any CPU.Build.0 = Release|Any CPU
	EndGlobalSection
	GlobalSection(SolutionProperties) = preSolution
		HideSolutionNode = FALSE
	EndGlobalSection
	GlobalSection(ExtensibilityGlobals) = postSolution
		SolutionGuid = {B2310761-38DA-4AFC-BD59-6587228C3BAA}
	EndGlobalSection
EndGlobal
